
Microsoft Visual Studio Solution File, Format Version 12.00
# Visual Studio Version 17
VisualStudioVersion = 17.0.31903.59
MinimumVisualStudioVersion = 10.0.40219.1
Project("{FAE04EC0-301F-11D3-BF4B-00C04F79EFBC}") = "TemplateToPdf", "TemplateToPdf\TemplateToPdf.csproj", "{F110E982-B4AA-41EB-8D7F-3351546130CC}"
EndProject
Project("{FAE04EC0-301F-11D3-BF4B-00C04F79EFBC}") = "TemplateToPdf.Tests", "TemplateToPdf.Tests\TemplateToPdf.Tests.csproj", "{7263C583-9CDA-4BA3-BB56-DC9EBE9F2F62}"
EndProject
Global
	GlobalSection(SolutionConfigurationPlatforms) = preSolution
		Debug|Any CPU = Debug|Any CPU
		Release|Any CPU = Release|Any CPU
	EndGlobalSection
	GlobalSection(SolutionProperties) = preSolution
		HideSolutionNode = FALSE
	EndGlobalSection
	GlobalSection(ProjectConfigurationPlatforms) = postSolution
		{F110E982-B4AA-41EB-8D7F-3351546130CC}.Debug|Any CPU.ActiveCfg = Debug|Any CPU
		{F110E982-B4AA-41EB-8D7F-3351546130CC}.Debug|Any CPU.Build.0 = Debug|Any CPU
		{F110E982-B4AA-41EB-8D7F-3351546130CC}.Release|Any CPU.ActiveCfg = Release|Any CPU
		{F110E982-B4AA-41EB-8D7F-3351546130CC}.Release|Any CPU.Build.0 = Release|Any CPU
		{7263C583-9CDA-4BA3-BB56-DC9EBE9F2F62}.Debug|Any CPU.ActiveCfg = Debug|Any CPU
		{7263C583-9CDA-4BA3-BB56-DC9EBE9F2F62}.Debug|Any CPU.Build.0 = Debug|Any CPU
		{7263C583-9CDA-4BA3-BB56-DC9EBE9F2F62}.Release|Any CPU.ActiveCfg = Release|Any CPU
		{7263C583-9CDA-4BA3-BB56-DC9EBE9F2F62}.Release|Any CPU.Build.0 = Release|Any CPU
	EndGlobalSection
EndGlobal
